// !$*UTF8*$!
{
	archiveVersion = 1;
	classes = {
	};
	objectVersion = 56;
	objects = {

/* Begin PBXBuildFile section */
		2F02574E29B6B89800C042FE /* IntroData.json in Resources */ = {isa = PBXBuildFile; fileRef = 2F02574D29B6B89800C042FE /* IntroData.json */; };
		2F02575029B6B8B300C042FE /* IntroModel.swift in Sources */ = {isa = PBXBuildFile; fileRef = 2F02574F29B6B8B300C042FE /* IntroModel.swift */; };
		2F02575229B6BAED00C042FE /* IntroView.swift in Sources */ = {isa = PBXBuildFile; fileRef = 2F02575129B6BAED00C042FE /* IntroView.swift */; };
		2F02575429B6BBE000C042FE /* Bundle-Decodable.swift in Sources */ = {isa = PBXBuildFile; fileRef = 2F02575329B6BBE000C042FE /* Bundle-Decodable.swift */; };
		2F1E892A29BAB1F5001AFB2E /* VariableModel.swift in Sources */ = {isa = PBXBuildFile; fileRef = 2F1E892929BAB1F5001AFB2E /* VariableModel.swift */; };
		2F2CB3CB29AECEAE002AABB5 /* SwiftInPortugueseApp.swift in Sources */ = {isa = PBXBuildFile; fileRef = 2F2CB3CA29AECEAE002AABB5 /* SwiftInPortugueseApp.swift */; };
		2F2CB3CD29AECEAE002AABB5 /* ContentView.swift in Sources */ = {isa = PBXBuildFile; fileRef = 2F2CB3CC29AECEAE002AABB5 /* ContentView.swift */; };
		2F2CB3CF29AECEAF002AABB5 /* Assets.xcassets in Resources */ = {isa = PBXBuildFile; fileRef = 2F2CB3CE29AECEAF002AABB5 /* Assets.xcassets */; };
		2F2CB3D229AECEAF002AABB5 /* Preview Assets.xcassets in Resources */ = {isa = PBXBuildFile; fileRef = 2F2CB3D129AECEAF002AABB5 /* Preview Assets.xcassets */; };
/* End PBXBuildFile section */

/* Begin PBXFileReference section */
		2F02574D29B6B89800C042FE /* IntroData.json */ = {isa = PBXFileReference; fileEncoding = 4; lastKnownFileType = text.json; path = IntroData.json; sourceTree = "<group>"; };
		2F02574F29B6B8B300C042FE /* IntroModel.swift */ = {isa = PBXFileReference; lastKnownFileType = sourcecode.swift; path = IntroModel.swift; sourceTree = "<group>"; };
		2F02575129B6BAED00C042FE /* IntroView.swift */ = {isa = PBXFileReference; lastKnownFileType = sourcecode.swift; path = IntroView.swift; sourceTree = "<group>"; };
		2F02575329B6BBE000C042FE /* Bundle-Decodable.swift */ = {isa = PBXFileReference; lastKnownFileType = sourcecode.swift; path = "Bundle-Decodable.swift"; sourceTree = "<group>"; };
		2F1E892929BAB1F5001AFB2E /* VariableModel.swift */ = {isa = PBXFileReference; lastKnownFileType = sourcecode.swift; path = VariableModel.swift; sourceTree = "<group>"; };
		2F2CB3C729AECEAE002AABB5 /* SwiftInPortuguese.app */ = {isa = PBXFileReference; explicitFileType = wrapper.application; includeInIndex = 0; path = SwiftInPortuguese.app; sourceTree = BUILT_PRODUCTS_DIR; };
		2F2CB3CA29AECEAE002AABB5 /* SwiftInPortugueseApp.swift */ = {isa = PBXFileReference; lastKnownFileType = sourcecode.swift; path = SwiftInPortugueseApp.swift; sourceTree = "<group>"; };
		2F2CB3CC29AECEAE002AABB5 /* ContentView.swift */ = {isa = PBXFileReference; lastKnownFileType = sourcecode.swift; path = ContentView.swift; sourceTree = "<group>"; };
		2F2CB3CE29AECEAF002AABB5 /* Assets.xcassets */ = {isa = PBXFileReference; lastKnownFileType = folder.assetcatalog; path = Assets.xcassets; sourceTree = "<group>"; };
		2F2CB3D129AECEAF002AABB5 /* Preview Assets.xcassets */ = {isa = PBXFileReference; lastKnownFileType = folder.assetcatalog; path = "Preview Assets.xcassets"; sourceTree = "<group>"; };
/* End PBXFileReference section */

/* Begin PBXFrameworksBuildPhase section */
		2F2CB3C429AECEAE002AABB5 /* Frameworks */ = {
			isa = PBXFrameworksBuildPhase;
			buildActionMask = 2147483647;
			files = (
			);
			runOnlyForDeploymentPostprocessing = 0;
		};
/* End PBXFrameworksBuildPhase section */

/* Begin PBXGroup section */
		2F02574829B6AE5D00C042FE /* View */ = {
			isa = PBXGroup;
			children = (
				2F02575129B6BAED00C042FE /* IntroView.swift */,
			);
			path = View;
			sourceTree = "<group>";
		};
		2F02574929B6AE6C00C042FE /* Data */ = {
			isa = PBXGroup;
			children = (
				2F02574D29B6B89800C042FE /* IntroData.json */,
			);
			path = Data;
			sourceTree = "<group>";
		};
		2F02574A29B6AEF800C042FE /* Model */ = {
			isa = PBXGroup;
			children = (
				2F02574F29B6B8B300C042FE /* IntroModel.swift */,
				2F1E892929BAB1F5001AFB2E /* VariableModel.swift */,
			);
			path = Model;
			sourceTree = "<group>";
		};
		2F2CB3BE29AECEAE002AABB5 = {
			isa = PBXGroup;
			children = (
				2F2CB3C929AECEAE002AABB5 /* SwiftInPortuguese */,
				2F2CB3C829AECEAE002AABB5 /* Products */,
			);
			sourceTree = "<group>";
		};
		2F2CB3C829AECEAE002AABB5 /* Products */ = {
			isa = PBXGroup;
			children = (
				2F2CB3C729AECEAE002AABB5 /* SwiftInPortuguese.app */,
			);
			name = Products;
			sourceTree = "<group>";
		};
		2F2CB3C929AECEAE002AABB5 /* SwiftInPortuguese */ = {
			isa = PBXGroup;
			children = (
				2F02574A29B6AEF800C042FE /* Model */,
				2F02574929B6AE6C00C042FE /* Data */,
				2F02574829B6AE5D00C042FE /* View */,
				2F2CB3CA29AECEAE002AABB5 /* SwiftInPortugueseApp.swift */,
				2F2CB3CC29AECEAE002AABB5 /* ContentView.swift */,
				2F02575329B6BBE000C042FE /* Bundle-Decodable.swift */,
				2F2CB3CE29AECEAF002AABB5 /* Assets.xcassets */,
				2F2CB3D029AECEAF002AABB5 /* Preview Content */,
			);
			path = SwiftInPortuguese;
			sourceTree = "<group>";
		};
		2F2CB3D029AECEAF002AABB5 /* Preview Content */ = {
			isa = PBXGroup;
			children = (
				2F2CB3D129AECEAF002AABB5 /* Preview Assets.xcassets */,
			);
			path = "Preview Content";
			sourceTree = "<group>";
		};
/* End PBXGroup section */

/* Begin PBXNativeTarget section */
		2F2CB3C629AECEAE002AABB5 /* SwiftInPortuguese */ = {
			isa = PBXNativeTarget;
			buildConfigurationList = 2F2CB3D529AECEAF002AABB5 /* Build configuration list for PBXNativeTarget "SwiftInPortuguese" */;
			buildPhases = (
				2F2CB3C329AECEAE002AABB5 /* Sources */,
				2F2CB3C429AECEAE002AABB5 /* Frameworks */,
				2F2CB3C529AECEAE002AABB5 /* Resources */,
			);
			buildRules = (
			);
			dependencies = (
			);
			name = SwiftInPortuguese;
			productName = SwiftInPortuguese;
			productReference = 2F2CB3C729AECEAE002AABB5 /* SwiftInPortuguese.app */;
			productType = "com.apple.product-type.application";
		};
/* End PBXNativeTarget section */

/* Begin PBXProject section */
		2F2CB3BF29AECEAE002AABB5 /* Project object */ = {
			isa = PBXProject;
			attributes = {
				BuildIndependentTargetsInParallel = 1;
				LastSwiftUpdateCheck = 1420;
				LastUpgradeCheck = 1420;
				TargetAttributes = {
					2F2CB3C629AECEAE002AABB5 = {
						CreatedOnToolsVersion = 14.2;
					};
				};
			};
			buildConfigurationList = 2F2CB3C229AECEAE002AABB5 /* Build configuration list for PBXProject "SwiftInPortuguese" */;
			compatibilityVersion = "Xcode 14.0";
			developmentRegion = en;
			hasScannedForEncodings = 0;
			knownRegions = (
				en,
				Base,
			);
			mainGroup = 2F2CB3BE29AECEAE002AABB5;
			productRefGroup = 2F2CB3C829AECEAE002AABB5 /* Products */;
			projectDirPath = "";
			projectRoot = "";
			targets = (
				2F2CB3C629AECEAE002AABB5 /* SwiftInPortuguese */,
			);
		};
/* End PBXProject section */

/* Begin PBXResourcesBuildPhase section */
		2F2CB3C529AECEAE002AABB5 /* Resources */ = {
			isa = PBXResourcesBuildPhase;
			buildActionMask = 2147483647;
			files = (
				2F2CB3D229AECEAF002AABB5 /* Preview Assets.xcassets in Resources */,
				2F2CB3CF29AECEAF002AABB5 /* Assets.xcassets in Resources */,
				2F02574E29B6B89800C042FE /* IntroData.json in Resources */,
			);
			runOnlyForDeploymentPostprocessing = 0;
		};
/* End PBXResourcesBuildPhase section */

/* Begin PBXSourcesBuildPhase section */
		2F2CB3C329AECEAE002AABB5 /* Sources */ = {
			isa = PBXSourcesBuildPhase;
			buildActionMask = 2147483647;
			files = (
				2F2CB3CD29AECEAE002AABB5 /* ContentView.swift in Sources */,
				2F02575229B6BAED00C042FE /* IntroView.swift in Sources */,
				2F02575429B6BBE000C042FE /* Bundle-Decodable.swift in Sources */,
				2F02575029B6B8B300C042FE /* IntroModel.swift in Sources */,
				2F2CB3CB29AECEAE002AABB5 /* SwiftInPortugueseApp.swift in Sources */,
				2F1E892A29BAB1F5001AFB2E /* VariableModel.swift in Sources */,
			);
			runOnlyForDeploymentPostprocessing = 0;
		};
/* End PBXSourcesBuildPhase section */

/* Begin XCBuildConfiguration section */
		2F2CB3D329AECEAF002AABB5 /* Debug */ = {
			isa = XCBuildConfiguration;
			buildSettings = {
				ALWAYS_SEARCH_USER_PATHS = NO;
				CLANG_ANALYZER_NONNULL = YES;
				CLANG_ANALYZER_NUMBER_OBJECT_CONVERSION = YES_AGGRESSIVE;
				CLANG_CXX_LANGUAGE_STANDARD = "gnu++20";
				CLANG_ENABLE_MODULES = YES;
				CLANG_ENABLE_OBJC_ARC = YES;
				CLANG_ENABLE_OBJC_WEAK = YES;
				CLANG_WARN_BLOCK_CAPTURE_AUTORELEASING = YES;
				CLANG_WARN_BOOL_CONVERSION = YES;
				CLANG_WARN_COMMA = YES;
				CLANG_WARN_CONSTANT_CONVERSION = YES;
				CLANG_WARN_DEPRECATED_OBJC_IMPLEMENTATIONS = YES;
				CLANG_WARN_DIRECT_OBJC_ISA_USAGE = YES_ERROR;
				CLANG_WARN_DOCUMENTATION_COMMENTS = YES;
				CLANG_WARN_EMPTY_BODY = YES;
				CLANG_WARN_ENUM_CONVERSION = YES;
				CLANG_WARN_INFINITE_RECURSION = YES;
				CLANG_WARN_INT_CONVERSION = YES;
				CLANG_WARN_NON_LITERAL_NULL_CONVERSION = YES;
				CLANG_WARN_OBJC_IMPLICIT_RETAIN_SELF = YES;
				CLANG_WARN_OBJC_LITERAL_CONVERSION = YES;
				CLANG_WARN_OBJC_ROOT_CLASS = YES_ERROR;
				CLANG_WARN_QUOTED_INCLUDE_IN_FRAMEWORK_HEADER = YES;
				CLANG_WARN_RANGE_LOOP_ANALYSIS = YES;
				CLANG_WARN_STRICT_PROTOTYPES = YES;
				CLANG_WARN_SUSPICIOUS_MOVE = YES;
				CLANG_WARN_UNGUARDED_AVAILABILITY = YES_AGGRESSIVE;
				CLANG_WARN_UNREACHABLE_CODE = YES;
				CLANG_WARN__DUPLICATE_METHOD_MATCH = YES;
				COPY_PHASE_STRIP = NO;
				DEBUG_INFORMATION_FORMAT = dwarf;
				ENABLE_STRICT_OBJC_MSGSEND = YES;
				ENABLE_TESTABILITY = YES;
				GCC_C_LANGUAGE_STANDARD = gnu11;
				GCC_DYNAMIC_NO_PIC = NO;
				GCC_NO_COMMON_BLOCKS = YES;
				GCC_OPTIMIZATION_LEVEL = 0;
				GCC_PREPROCESSOR_DEFINITIONS = (
					"DEBUG=1",
					"$(inherited)",
				);
				GCC_WARN_64_TO_32_BIT_CONVERSION = YES;
				GCC_WARN_ABOUT_RETURN_TYPE = YES_ERROR;
				GCC_WARN_UNDECLARED_SELECTOR = YES;
				GCC_WARN_UNINITIALIZED_AUTOS = YES_AGGRESSIVE;
				GCC_WARN_UNUSED_FUNCTION = YES;
				GCC_WARN_UNUSED_VARIABLE = YES;
				IPHONEOS_DEPLOYMENT_TARGET = 16.2;
				MTL_ENABLE_DEBUG_INFO = INCLUDE_SOURCE;
				MTL_FAST_MATH = YES;
				ONLY_ACTIVE_ARCH = YES;
				SDKROOT = iphoneos;
				SWIFT_ACTIVE_COMPILATION_CONDITIONS = DEBUG;
				SWIFT_OPTIMIZATION_LEVEL = "-Onone";
			};
			name = Debug;
		};
		2F2CB3D429AECEAF002AABB5 /* Release */ = {
			isa = XCBuildConfiguration;
			buildSettings = {
				ALWAYS_SEARCH_USER_PATHS = NO;
				CLANG_ANALYZER_NONNULL = YES;
				CLANG_ANALYZER_NUMBER_OBJECT_CONVERSION = YES_AGGRESSIVE;
				CLANG_CXX_LANGUAGE_STANDARD = "gnu++20";
				CLANG_ENABLE_MODULES = YES;
				CLANG_ENABLE_OBJC_ARC = YES;
				CLANG_ENABLE_OBJC_WEAK = YES;
				CLANG_WARN_BLOCK_CAPTURE_AUTORELEASING = YES;
				CLANG_WARN_BOOL_CONVERSION = YES;
				CLANG_WARN_COMMA = YES;
				CLANG_WARN_CONSTANT_CONVERSION = YES;
				CLANG_WARN_DEPRECATED_OBJC_IMPLEMENTATIONS = YES;
				CLANG_WARN_DIRECT_OBJC_ISA_USAGE = YES_ERROR;
				CLANG_WARN_DOCUMENTATION_COMMENTS = YES;
				CLANG_WARN_EMPTY_BODY = YES;
				CLANG_WARN_ENUM_CONVERSION = YES;
				CLANG_WARN_INFINITE_RECURSION = YES;
				CLANG_WARN_INT_CONVERSION = YES;
				CLANG_WARN_NON_LITERAL_NULL_CONVERSION = YES;
				CLANG_WARN_OBJC_IMPLICIT_RETAIN_SELF = YES;
				CLANG_WARN_OBJC_LITERAL_CONVERSION = YES;
				CLANG_WARN_OBJC_ROOT_CLASS = YES_ERROR;
				CLANG_WARN_QUOTED_INCLUDE_IN_FRAMEWORK_HEADER = YES;
				CLANG_WARN_RANGE_LOOP_ANALYSIS = YES;
				CLANG_WARN_STRICT_PROTOTYPES = YES;
				CLANG_WARN_SUSPICIOUS_MOVE = YES;
				CLANG_WARN_UNGUARDED_AVAILABILITY = YES_AGGRESSIVE;
				CLANG_WARN_UNREACHABLE_CODE = YES;
				CLANG_WARN__DUPLICATE_METHOD_MATCH = YES;
				COPY_PHASE_STRIP = NO;
				DEBUG_INFORMATION_FORMAT = "dwarf-with-dsym";
				ENABLE_NS_ASSERTIONS = NO;
				ENABLE_STRICT_OBJC_MSGSEND = YES;
				GCC_C_LANGUAGE_STANDARD = gnu11;
				GCC_NO_COMMON_BLOCKS = YES;
				GCC_WARN_64_TO_32_BIT_CONVERSION = YES;
				GCC_WARN_ABOUT_RETURN_TYPE = YES_ERROR;
				GCC_WARN_UNDECLARED_SELECTOR = YES;
				GCC_WARN_UNINITIALIZED_AUTOS = YES_AGGRESSIVE;
				GCC_WARN_UNUSED_FUNCTION = YES;
				GCC_WARN_UNUSED_VARIABLE = YES;
				IPHONEOS_DEPLOYMENT_TARGET = 16.2;
				MTL_ENABLE_DEBUG_INFO = NO;
				MTL_FAST_MATH = YES;
				SDKROOT = iphoneos;
				SWIFT_COMPILATION_MODE = wholemodule;
				SWIFT_OPTIMIZATION_LEVEL = "-O";
				VALIDATE_PRODUCT = YES;
			};
			name = Release;
		};
		2F2CB3D629AECEAF002AABB5 /* Debug */ = {
			isa = XCBuildConfiguration;
			buildSettings = {
				ASSETCATALOG_COMPILER_APPICON_NAME = AppIcon;
				ASSETCATALOG_COMPILER_GLOBAL_ACCENT_COLOR_NAME = AccentColor;
				CODE_SIGN_STYLE = Automatic;
				CURRENT_PROJECT_VERSION = 1;
				DEVELOPMENT_ASSET_PATHS = "\"SwiftInPortuguese/Preview Content\"";
				DEVELOPMENT_TEAM = QM6UD22N6W;
				ENABLE_PREVIEWS = YES;
				GENERATE_INFOPLIST_FILE = YES;
				INFOPLIST_KEY_UIApplicationSceneManifest_Generation = YES;
				INFOPLIST_KEY_UIApplicationSupportsIndirectInputEvents = YES;
				INFOPLIST_KEY_UILaunchScreen_Generation = YES;
				INFOPLIST_KEY_UISupportedInterfaceOrientations_iPad = "UIInterfaceOrientationPortrait UIInterfaceOrientationPortraitUpsideDown UIInterfaceOrientationLandscapeLeft UIInterfaceOrientationLandscapeRight";
				INFOPLIST_KEY_UISupportedInterfaceOrientations_iPhone = "UIInterfaceOrientationPortrait UIInterfaceOrientationLandscapeLeft UIInterfaceOrientationLandscapeRight";
				LD_RUNPATH_SEARCH_PATHS = (
					"$(inherited)",
					"@executable_path/Frameworks",
				);
				MARKETING_VERSION = 1.0;
				PRODUCT_BUNDLE_IDENTIFIER = muller.matheus.SwiftInPortuguese;
				PRODUCT_NAME = "$(TARGET_NAME)";
				SWIFT_EMIT_LOC_STRINGS = YES;
				SWIFT_VERSION = 5.0;
				TARGETED_DEVICE_FAMILY = "1,2";
			};
			name = Debug;
		};
		2F2CB3D729AECEAF002AABB5 /* Release */ = {
			isa = XCBuildConfiguration;
			buildSettings = {
				ASSETCATALOG_COMPILER_APPICON_NAME = AppIcon;
				ASSETCATALOG_COMPILER_GLOBAL_ACCENT_COLOR_NAME = AccentColor;
				CODE_SIGN_STYLE = Automatic;
				CURRENT_PROJECT_VERSION = 1;
				DEVELOPMENT_ASSET_PATHS = "\"SwiftInPortuguese/Preview Content\"";
				DEVELOPMENT_TEAM = QM6UD22N6W;
				ENABLE_PREVIEWS = YES;
				GENERATE_INFOPLIST_FILE = YES;
				INFOPLIST_KEY_UIApplicationSceneManifest_Generation = YES;
				INFOPLIST_KEY_UIApplicationSupportsIndirectInputEvents = YES;
				INFOPLIST_KEY_UILaunchScreen_Generation = YES;
				INFOPLIST_KEY_UISupportedInterfaceOrientations_iPad = "UIInterfaceOrientationPortrait UIInterfaceOrientationPortraitUpsideDown UIInterfaceOrientationLandscapeLeft UIInterfaceOrientationLandscapeRight";
				INFOPLIST_KEY_UISupportedInterfaceOrientations_iPhone = "UIInterfaceOrientationPortrait UIInterfaceOrientationLandscapeLeft UIInterfaceOrientationLandscapeRight";
				LD_RUNPATH_SEARCH_PATHS = (
					"$(inherited)",
					"@executable_path/Frameworks",
				);
				MARKETING_VERSION = 1.0;
				PRODUCT_BUNDLE_IDENTIFIER = muller.matheus.SwiftInPortuguese;
				PRODUCT_NAME = "$(TARGET_NAME)";
				SWIFT_EMIT_LOC_STRINGS = YES;
				SWIFT_VERSION = 5.0;
				TARGETED_DEVICE_FAMILY = "1,2";
			};
			name = Release;
		};
/* End XCBuildConfiguration section */

/* Begin XCConfigurationList section */
		2F2CB3C229AECEAE002AABB5 /* Build configuration list for PBXProject "SwiftInPortuguese" */ = {
			isa = XCConfigurationList;
			buildConfigurations = (
				2F2CB3D329AECEAF002AABB5 /* Debug */,
				2F2CB3D429AECEAF002AABB5 /* Release */,
			);
			defaultConfigurationIsVisible = 0;
			defaultConfigurationName = Release;
		};
		2F2CB3D529AECEAF002AABB5 /* Build configuration list for PBXNativeTarget "SwiftInPortuguese" */ = {
			isa = XCConfigurationList;
			buildConfigurations = (
				2F2CB3D629AECEAF002AABB5 /* Debug */,
				2F2CB3D729AECEAF002AABB5 /* Release */,
			);
			defaultConfigurationIsVisible = 0;
			defaultConfigurationName = Release;
		};
/* End XCConfigurationList section */
	};
	rootObject = 2F2CB3BF29AECEAE002AABB5 /* Project object */;
}
